// !$*UTF8*$!
{
	archiveVersion = 1;
	classes = {
	};
	objectVersion = 55;
	objects = {

/* Begin PBXBuildFile section */
		B198601527BD2C3800B80DF5 /* AppDelegate.swift in Sources */ = {isa = PBXBuildFile; fileRef = B198601427BD2C3800B80DF5 /* AppDelegate.swift */; };
		B198601727BD2C3800B80DF5 /* SceneDelegate.swift in Sources */ = {isa = PBXBuildFile; fileRef = B198601627BD2C3800B80DF5 /* SceneDelegate.swift */; };
		B198601927BD2C3800B80DF5 /* ViewController.swift in Sources */ = {isa = PBXBuildFile; fileRef = B198601827BD2C3800B80DF5 /* ViewController.swift */; };
		B198601C27BD2C3800B80DF5 /* Main.storyboard in Resources */ = {isa = PBXBuildFile; fileRef = B198601A27BD2C3800B80DF5 /* Main.storyboard */; };
		B198601E27BD2C3900B80DF5 /* Assets.xcassets in Resources */ = {isa = PBXBuildFile; fileRef = B198601D27BD2C3900B80DF5 /* Assets.xcassets */; };
		B198602127BD2C3900B80DF5 /* LaunchScreen.storyboard in Resources */ = {isa = PBXBuildFile; fileRef = B198601F27BD2C3900B80DF5 /* LaunchScreen.storyboard */; };
		B198603127BD318400B80DF5 /* FeedViewController.swift in Sources */ = {isa = PBXBuildFile; fileRef = B198603027BD318400B80DF5 /* FeedViewController.swift */; };
		B198603527BD31BD00B80DF5 /* FeedViewModel.swift in Sources */ = {isa = PBXBuildFile; fileRef = B198603427BD31BD00B80DF5 /* FeedViewModel.swift */; };
		B198603827BD322A00B80DF5 /* NetworkingClient.swift in Sources */ = {isa = PBXBuildFile; fileRef = B198603727BD322A00B80DF5 /* NetworkingClient.swift */; };
		B198603A27BD32DA00B80DF5 /* NewsArticle.swift in Sources */ = {isa = PBXBuildFile; fileRef = B198603927BD32DA00B80DF5 /* NewsArticle.swift */; };
		B198603C27BD42B500B80DF5 /* FeedArticleCell.swift in Sources */ = {isa = PBXBuildFile; fileRef = B198603B27BD42B500B80DF5 /* FeedArticleCell.swift */; };
		B198603E27BD44CC00B80DF5 /* FeedArticleCellViewModel.swift in Sources */ = {isa = PBXBuildFile; fileRef = B198603D27BD44CC00B80DF5 /* FeedArticleCellViewModel.swift */; };
		B198604027BD4D2A00B80DF5 /* NewsArticleCollection.swift in Sources */ = {isa = PBXBuildFile; fileRef = B198603F27BD4D2A00B80DF5 /* NewsArticleCollection.swift */; };
/* End PBXBuildFile section */

/* Begin PBXFileReference section */
		B198601127BD2C3800B80DF5 /* NewsFeed.app */ = {isa = PBXFileReference; explicitFileType = wrapper.application; includeInIndex = 0; path = NewsFeed.app; sourceTree = BUILT_PRODUCTS_DIR; };
		B198601427BD2C3800B80DF5 /* AppDelegate.swift */ = {isa = PBXFileReference; lastKnownFileType = sourcecode.swift; path = AppDelegate.swift; sourceTree = "<group>"; };
		B198601627BD2C3800B80DF5 /* SceneDelegate.swift */ = {isa = PBXFileReference; lastKnownFileType = sourcecode.swift; path = SceneDelegate.swift; sourceTree = "<group>"; };
		B198601827BD2C3800B80DF5 /* ViewController.swift */ = {isa = PBXFileReference; lastKnownFileType = sourcecode.swift; path = ViewController.swift; sourceTree = "<group>"; };
		B198601B27BD2C3800B80DF5 /* Base */ = {isa = PBXFileReference; lastKnownFileType = file.storyboard; name = Base; path = Base.lproj/Main.storyboard; sourceTree = "<group>"; };
		B198601D27BD2C3900B80DF5 /* Assets.xcassets */ = {isa = PBXFileReference; lastKnownFileType = folder.assetcatalog; path = Assets.xcassets; sourceTree = "<group>"; };
		B198602027BD2C3900B80DF5 /* Base */ = {isa = PBXFileReference; lastKnownFileType = file.storyboard; name = Base; path = Base.lproj/LaunchScreen.storyboard; sourceTree = "<group>"; };
		B198602227BD2C3900B80DF5 /* Info.plist */ = {isa = PBXFileReference; lastKnownFileType = text.plist.xml; path = Info.plist; sourceTree = "<group>"; };
		B198603027BD318400B80DF5 /* FeedViewController.swift */ = {isa = PBXFileReference; lastKnownFileType = sourcecode.swift; path = FeedViewController.swift; sourceTree = "<group>"; };
		B198603427BD31BD00B80DF5 /* FeedViewModel.swift */ = {isa = PBXFileReference; lastKnownFileType = sourcecode.swift; path = FeedViewModel.swift; sourceTree = "<group>"; };
		B198603727BD322A00B80DF5 /* NetworkingClient.swift */ = {isa = PBXFileReference; lastKnownFileType = sourcecode.swift; path = NetworkingClient.swift; sourceTree = "<group>"; };
		B198603927BD32DA00B80DF5 /* NewsArticle.swift */ = {isa = PBXFileReference; lastKnownFileType = sourcecode.swift; path = NewsArticle.swift; sourceTree = "<group>"; };
		B198603B27BD42B500B80DF5 /* FeedArticleCell.swift */ = {isa = PBXFileReference; lastKnownFileType = sourcecode.swift; path = FeedArticleCell.swift; sourceTree = "<group>"; };
		B198603D27BD44CC00B80DF5 /* FeedArticleCellViewModel.swift */ = {isa = PBXFileReference; lastKnownFileType = sourcecode.swift; path = FeedArticleCellViewModel.swift; sourceTree = "<group>"; };
		B198603F27BD4D2A00B80DF5 /* NewsArticleCollection.swift */ = {isa = PBXFileReference; lastKnownFileType = sourcecode.swift; path = NewsArticleCollection.swift; sourceTree = "<group>"; };
/* End PBXFileReference section */

/* Begin PBXFrameworksBuildPhase section */
		B198600E27BD2C3800B80DF5 /* Frameworks */ = {
			isa = PBXFrameworksBuildPhase;
			buildActionMask = 2147483647;
			files = (
			);
			runOnlyForDeploymentPostprocessing = 0;
		};
/* End PBXFrameworksBuildPhase section */

/* Begin PBXGroup section */
		B198600827BD2C3800B80DF5 = {
			isa = PBXGroup;
			children = (
				B198601327BD2C3800B80DF5 /* NewsFeed */,
				B198601227BD2C3800B80DF5 /* Products */,
			);
			sourceTree = "<group>";
		};
		B198601227BD2C3800B80DF5 /* Products */ = {
			isa = PBXGroup;
			children = (
				B198601127BD2C3800B80DF5 /* NewsFeed.app */,
			);
			name = Products;
			sourceTree = "<group>";
		};
		B198601327BD2C3800B80DF5 /* NewsFeed */ = {
			isa = PBXGroup;
			children = (
				B198603627BD31E200B80DF5 /* Networking */,
				B198602F27BD315800B80DF5 /* ViewModel */,
				B198602E27BD315200B80DF5 /* View */,
				B198602D27BD314700B80DF5 /* Model */,
				B198601427BD2C3800B80DF5 /* AppDelegate.swift */,
				B198601627BD2C3800B80DF5 /* SceneDelegate.swift */,
				B198601827BD2C3800B80DF5 /* ViewController.swift */,
				B198601A27BD2C3800B80DF5 /* Main.storyboard */,
				B198601D27BD2C3900B80DF5 /* Assets.xcassets */,
				B198601F27BD2C3900B80DF5 /* LaunchScreen.storyboard */,
				B198602227BD2C3900B80DF5 /* Info.plist */,
			);
			path = NewsFeed;
			sourceTree = "<group>";
		};
		B198602D27BD314700B80DF5 /* Model */ = {
			isa = PBXGroup;
			children = (
				B198603927BD32DA00B80DF5 /* NewsArticle.swift */,
				B198603F27BD4D2A00B80DF5 /* NewsArticleCollection.swift */,
			);
			path = Model;
			sourceTree = "<group>";
		};
		B198602E27BD315200B80DF5 /* View */ = {
			isa = PBXGroup;
			children = (
				B198603227BD31A500B80DF5 /* Feed */,
			);
			path = View;
			sourceTree = "<group>";
		};
		B198602F27BD315800B80DF5 /* ViewModel */ = {
			isa = PBXGroup;
			children = (
				B198603327BD31B300B80DF5 /* Feed */,
			);
			path = ViewModel;
			sourceTree = "<group>";
		};
		B198603227BD31A500B80DF5 /* Feed */ = {
			isa = PBXGroup;
			children = (
				B198603027BD318400B80DF5 /* FeedViewController.swift */,
				B198603B27BD42B500B80DF5 /* FeedArticleCell.swift */,
			);
			path = Feed;
			sourceTree = "<group>";
		};
		B198603327BD31B300B80DF5 /* Feed */ = {
			isa = PBXGroup;
			children = (
				B198603427BD31BD00B80DF5 /* FeedViewModel.swift */,
				B198603D27BD44CC00B80DF5 /* FeedArticleCellViewModel.swift */,
			);
			path = Feed;
			sourceTree = "<group>";
		};
		B198603627BD31E200B80DF5 /* Networking */ = {
			isa = PBXGroup;
			children = (
				B198603727BD322A00B80DF5 /* NetworkingClient.swift */,
			);
			path = Networking;
			sourceTree = "<group>";
		};
/* End PBXGroup section */

/* Begin PBXNativeTarget section */
		B198601027BD2C3800B80DF5 /* NewsFeed */ = {
			isa = PBXNativeTarget;
			buildConfigurationList = B198602527BD2C3900B80DF5 /* Build configuration list for PBXNativeTarget "NewsFeed" */;
			buildPhases = (
				B198600D27BD2C3800B80DF5 /* Sources */,
				B198600E27BD2C3800B80DF5 /* Frameworks */,
				B198600F27BD2C3800B80DF5 /* Resources */,
			);
			buildRules = (
			);
			dependencies = (
			);
			name = NewsFeed;
			productName = NewsFeed;
			productReference = B198601127BD2C3800B80DF5 /* NewsFeed.app */;
			productType = "com.apple.product-type.application";
		};
/* End PBXNativeTarget section */

/* Begin PBXProject section */
		B198600927BD2C3800B80DF5 /* Project object */ = {
			isa = PBXProject;
			attributes = {
				BuildIndependentTargetsInParallel = 1;
				LastSwiftUpdateCheck = 1300;
				LastUpgradeCheck = 1300;
				TargetAttributes = {
					B198601027BD2C3800B80DF5 = {
						CreatedOnToolsVersion = 13.0;
					};
				};
			};
			buildConfigurationList = B198600C27BD2C3800B80DF5 /* Build configuration list for PBXProject "NewsFeed" */;
			compatibilityVersion = "Xcode 13.0";
			developmentRegion = en;
			hasScannedForEncodings = 0;
			knownRegions = (
				en,
				Base,
			);
			mainGroup = B198600827BD2C3800B80DF5;
			productRefGroup = B198601227BD2C3800B80DF5 /* Products */;
			projectDirPath = "";
			projectRoot = "";
			targets = (
				B198601027BD2C3800B80DF5 /* NewsFeed */,
			);
		};
/* End PBXProject section */

/* Begin PBXResourcesBuildPhase section */
		B198600F27BD2C3800B80DF5 /* Resources */ = {
			isa = PBXResourcesBuildPhase;
			buildActionMask = 2147483647;
			files = (
				B198602127BD2C3900B80DF5 /* LaunchScreen.storyboard in Resources */,
				B198601E27BD2C3900B80DF5 /* Assets.xcassets in Resources */,
				B198601C27BD2C3800B80DF5 /* Main.storyboard in Resources */,
			);
			runOnlyForDeploymentPostprocessing = 0;
		};
/* End PBXResourcesBuildPhase section */

/* Begin PBXSourcesBuildPhase section */
		B198600D27BD2C3800B80DF5 /* Sources */ = {
			isa = PBXSourcesBuildPhase;
			buildActionMask = 2147483647;
			files = (
				B198603C27BD42B500B80DF5 /* FeedArticleCell.swift in Sources */,
				B198603A27BD32DA00B80DF5 /* NewsArticle.swift in Sources */,
				B198603E27BD44CC00B80DF5 /* FeedArticleCellViewModel.swift in Sources */,
				B198604027BD4D2A00B80DF5 /* NewsArticleCollection.swift in Sources */,
				B198603527BD31BD00B80DF5 /* FeedViewModel.swift in Sources */,
				B198601927BD2C3800B80DF5 /* ViewController.swift in Sources */,
				B198603827BD322A00B80DF5 /* NetworkingClient.swift in Sources */,
				B198601527BD2C3800B80DF5 /* AppDelegate.swift in Sources */,
				B198603127BD318400B80DF5 /* FeedViewController.swift in Sources */,
				B198601727BD2C3800B80DF5 /* SceneDelegate.swift in Sources */,
			);
			runOnlyForDeploymentPostprocessing = 0;
		};
/* End PBXSourcesBuildPhase section */

/* Begin PBXVariantGroup section */
		B198601A27BD2C3800B80DF5 /* Main.storyboard */ = {
			isa = PBXVariantGroup;
			children = (
				B198601B27BD2C3800B80DF5 /* Base */,
			);
			name = Main.storyboard;
			sourceTree = "<group>";
		};
		B198601F27BD2C3900B80DF5 /* LaunchScreen.storyboard */ = {
			isa = PBXVariantGroup;
			children = (
				B198602027BD2C3900B80DF5 /* Base */,
			);
			name = LaunchScreen.storyboard;
			sourceTree = "<group>";
		};
/* End PBXVariantGroup section */

/* Begin XCBuildConfiguration section */
		B198602327BD2C3900B80DF5 /* Debug */ = {
			isa = XCBuildConfiguration;
			buildSettings = {
				ALWAYS_SEARCH_USER_PATHS = NO;
				CLANG_ANALYZER_NONNULL = YES;
				CLANG_ANALYZER_NUMBER_OBJECT_CONVERSION = YES_AGGRESSIVE;
				CLANG_CXX_LANGUAGE_STANDARD = "gnu++17";
				CLANG_CXX_LIBRARY = "libc++";
				CLANG_ENABLE_MODULES = YES;
				CLANG_ENABLE_OBJC_ARC = YES;
				CLANG_ENABLE_OBJC_WEAK = YES;
				CLANG_WARN_BLOCK_CAPTURE_AUTORELEASING = YES;
				CLANG_WARN_BOOL_CONVERSION = YES;
				CLANG_WARN_COMMA = YES;
				CLANG_WARN_CONSTANT_CONVERSION = YES;
				CLANG_WARN_DEPRECATED_OBJC_IMPLEMENTATIONS = YES;
				CLANG_WARN_DIRECT_OBJC_ISA_USAGE = YES_ERROR;
				CLANG_WARN_DOCUMENTATION_COMMENTS = YES;
				CLANG_WARN_EMPTY_BODY = YES;
				CLANG_WARN_ENUM_CONVERSION = YES;
				CLANG_WARN_INFINITE_RECURSION = YES;
				CLANG_WARN_INT_CONVERSION = YES;
				CLANG_WARN_NON_LITERAL_NULL_CONVERSION = YES;
				CLANG_WARN_OBJC_IMPLICIT_RETAIN_SELF = YES;
				CLANG_WARN_OBJC_LITERAL_CONVERSION = YES;
				CLANG_WARN_OBJC_ROOT_CLASS = YES_ERROR;
				CLANG_WARN_QUOTED_INCLUDE_IN_FRAMEWORK_HEADER = YES;
				CLANG_WARN_RANGE_LOOP_ANALYSIS = YES;
				CLANG_WARN_STRICT_PROTOTYPES = YES;
				CLANG_WARN_SUSPICIOUS_MOVE = YES;
				CLANG_WARN_UNGUARDED_AVAILABILITY = YES_AGGRESSIVE;
				CLANG_WARN_UNREACHABLE_CODE = YES;
				CLANG_WARN__DUPLICATE_METHOD_MATCH = YES;
				COPY_PHASE_STRIP = NO;
				DEBUG_INFORMATION_FORMAT = dwarf;
				ENABLE_STRICT_OBJC_MSGSEND = YES;
				ENABLE_TESTABILITY = YES;
				GCC_C_LANGUAGE_STANDARD = gnu11;
				GCC_DYNAMIC_NO_PIC = NO;
				GCC_NO_COMMON_BLOCKS = YES;
				GCC_OPTIMIZATION_LEVEL = 0;
				GCC_PREPROCESSOR_DEFINITIONS = (
					"DEBUG=1",
					"$(inherited)",
				);
				GCC_WARN_64_TO_32_BIT_CONVERSION = YES;
				GCC_WARN_ABOUT_RETURN_TYPE = YES_ERROR;
				GCC_WARN_UNDECLARED_SELECTOR = YES;
				GCC_WARN_UNINITIALIZED_AUTOS = YES_AGGRESSIVE;
				GCC_WARN_UNUSED_FUNCTION = YES;
				GCC_WARN_UNUSED_VARIABLE = YES;
				IPHONEOS_DEPLOYMENT_TARGET = 15.0;
				MTL_ENABLE_DEBUG_INFO = INCLUDE_SOURCE;
				MTL_FAST_MATH = YES;
				ONLY_ACTIVE_ARCH = YES;
				SDKROOT = iphoneos;
				SWIFT_ACTIVE_COMPILATION_CONDITIONS = DEBUG;
				SWIFT_OPTIMIZATION_LEVEL = "-Onone";
			};
			name = Debug;
		};
		B198602427BD2C3900B80DF5 /* Release */ = {
			isa = XCBuildConfiguration;
			buildSettings = {
				ALWAYS_SEARCH_USER_PATHS = NO;
				CLANG_ANALYZER_NONNULL = YES;
				CLANG_ANALYZER_NUMBER_OBJECT_CONVERSION = YES_AGGRESSIVE;
				CLANG_CXX_LANGUAGE_STANDARD = "gnu++17";
				CLANG_CXX_LIBRARY = "libc++";
				CLANG_ENABLE_MODULES = YES;
				CLANG_ENABLE_OBJC_ARC = YES;
				CLANG_ENABLE_OBJC_WEAK = YES;
				CLANG_WARN_BLOCK_CAPTURE_AUTORELEASING = YES;
				CLANG_WARN_BOOL_CONVERSION = YES;
				CLANG_WARN_COMMA = YES;
				CLANG_WARN_CONSTANT_CONVERSION = YES;
				CLANG_WARN_DEPRECATED_OBJC_IMPLEMENTATIONS = YES;
				CLANG_WARN_DIRECT_OBJC_ISA_USAGE = YES_ERROR;
				CLANG_WARN_DOCUMENTATION_COMMENTS = YES;
				CLANG_WARN_EMPTY_BODY = YES;
				CLANG_WARN_ENUM_CONVERSION = YES;
				CLANG_WARN_INFINITE_RECURSION = YES;
				CLANG_WARN_INT_CONVERSION = YES;
				CLANG_WARN_NON_LITERAL_NULL_CONVERSION = YES;
				CLANG_WARN_OBJC_IMPLICIT_RETAIN_SELF = YES;
				CLANG_WARN_OBJC_LITERAL_CONVERSION = YES;
				CLANG_WARN_OBJC_ROOT_CLASS = YES_ERROR;
				CLANG_WARN_QUOTED_INCLUDE_IN_FRAMEWORK_HEADER = YES;
				CLANG_WARN_RANGE_LOOP_ANALYSIS = YES;
				CLANG_WARN_STRICT_PROTOTYPES = YES;
				CLANG_WARN_SUSPICIOUS_MOVE = YES;
				CLANG_WARN_UNGUARDED_AVAILABILITY = YES_AGGRESSIVE;
				CLANG_WARN_UNREACHABLE_CODE = YES;
				CLANG_WARN__DUPLICATE_METHOD_MATCH = YES;
				COPY_PHASE_STRIP = NO;
				DEBUG_INFORMATION_FORMAT = "dwarf-with-dsym";
				ENABLE_NS_ASSERTIONS = NO;
				ENABLE_STRICT_OBJC_MSGSEND = YES;
				GCC_C_LANGUAGE_STANDARD = gnu11;
				GCC_NO_COMMON_BLOCKS = YES;
				GCC_WARN_64_TO_32_BIT_CONVERSION = YES;
				GCC_WARN_ABOUT_RETURN_TYPE = YES_ERROR;
				GCC_WARN_UNDECLARED_SELECTOR = YES;
				GCC_WARN_UNINITIALIZED_AUTOS = YES_AGGRESSIVE;
				GCC_WARN_UNUSED_FUNCTION = YES;
				GCC_WARN_UNUSED_VARIABLE = YES;
				IPHONEOS_DEPLOYMENT_TARGET = 15.0;
				MTL_ENABLE_DEBUG_INFO = NO;
				MTL_FAST_MATH = YES;
				SDKROOT = iphoneos;
				SWIFT_COMPILATION_MODE = wholemodule;
				SWIFT_OPTIMIZATION_LEVEL = "-O";
				VALIDATE_PRODUCT = YES;
			};
			name = Release;
		};
		B198602627BD2C3900B80DF5 /* Debug */ = {
			isa = XCBuildConfiguration;
			buildSettings = {
				ASSETCATALOG_COMPILER_APPICON_NAME = AppIcon;
				ASSETCATALOG_COMPILER_GLOBAL_ACCENT_COLOR_NAME = AccentColor;
				CODE_SIGN_STYLE = Automatic;
				CURRENT_PROJECT_VERSION = 1;
				DEVELOPMENT_TEAM = A65R482F4A;
				GENERATE_INFOPLIST_FILE = YES;
				INFOPLIST_FILE = NewsFeed/Info.plist;
				INFOPLIST_KEY_UIApplicationSupportsIndirectInputEvents = YES;
				INFOPLIST_KEY_UILaunchStoryboardName = LaunchScreen;
				INFOPLIST_KEY_UIMainStoryboardFile = Main;
				INFOPLIST_KEY_UISupportedInterfaceOrientations_iPad = "UIInterfaceOrientationPortrait UIInterfaceOrientationPortraitUpsideDown UIInterfaceOrientationLandscapeLeft UIInterfaceOrientationLandscapeRight";
				INFOPLIST_KEY_UISupportedInterfaceOrientations_iPhone = "UIInterfaceOrientationPortrait UIInterfaceOrientationLandscapeLeft UIInterfaceOrientationLandscapeRight";
				LD_RUNPATH_SEARCH_PATHS = (
					"$(inherited)",
					"@executable_path/Frameworks",
				);
				MARKETING_VERSION = 1.0;
				PRODUCT_BUNDLE_IDENTIFIER = com.shreyas.NewsFeed;
				PRODUCT_NAME = "$(TARGET_NAME)";
				SWIFT_EMIT_LOC_STRINGS = YES;
				SWIFT_VERSION = 5.0;
				TARGETED_DEVICE_FAMILY = "1,2";
			};
			name = Debug;
		};
		B198602727BD2C3900B80DF5 /* Release */ = {
			isa = XCBuildConfiguration;
			buildSettings = {
				ASSETCATALOG_COMPILER_APPICON_NAME = AppIcon;
				ASSETCATALOG_COMPILER_GLOBAL_ACCENT_COLOR_NAME = AccentColor;
				CODE_SIGN_STYLE = Automatic;
				CURRENT_PROJECT_VERSION = 1;
				DEVELOPMENT_TEAM = A65R482F4A;
				GENERATE_INFOPLIST_FILE = YES;
				INFOPLIST_FILE = NewsFeed/Info.plist;
				INFOPLIST_KEY_UIApplicationSupportsIndirectInputEvents = YES;
				INFOPLIST_KEY_UILaunchStoryboardName = LaunchScreen;
				INFOPLIST_KEY_UIMainStoryboardFile = Main;
				INFOPLIST_KEY_UISupportedInterfaceOrientations_iPad = "UIInterfaceOrientationPortrait UIInterfaceOrientationPortraitUpsideDown UIInterfaceOrientationLandscapeLeft UIInterfaceOrientationLandscapeRight";
				INFOPLIST_KEY_UISupportedInterfaceOrientations_iPhone = "UIInterfaceOrientationPortrait UIInterfaceOrientationLandscapeLeft UIInterfaceOrientationLandscapeRight";
				LD_RUNPATH_SEARCH_PATHS = (
					"$(inherited)",
					"@executable_path/Frameworks",
				);
				MARKETING_VERSION = 1.0;
				PRODUCT_BUNDLE_IDENTIFIER = com.shreyas.NewsFeed;
				PRODUCT_NAME = "$(TARGET_NAME)";
				SWIFT_EMIT_LOC_STRINGS = YES;
				SWIFT_VERSION = 5.0;
				TARGETED_DEVICE_FAMILY = "1,2";
			};
			name = Release;
		};
/* End XCBuildConfiguration section */

/* Begin XCConfigurationList section */
		B198600C27BD2C3800B80DF5 /* Build configuration list for PBXProject "NewsFeed" */ = {
			isa = XCConfigurationList;
			buildConfigurations = (
				B198602327BD2C3900B80DF5 /* Debug */,
				B198602427BD2C3900B80DF5 /* Release */,
			);
			defaultConfigurationIsVisible = 0;
			defaultConfigurationName = Release;
		};
		B198602527BD2C3900B80DF5 /* Build configuration list for PBXNativeTarget "NewsFeed" */ = {
			isa = XCConfigurationList;
			buildConfigurations = (
				B198602627BD2C3900B80DF5 /* Debug */,
				B198602727BD2C3900B80DF5 /* Release */,
			);
			defaultConfigurationIsVisible = 0;
			defaultConfigurationName = Release;
		};
/* End XCConfigurationList section */
	};
	rootObject = B198600927BD2C3800B80DF5 /* Project object */;
}
